{
  "name": "@mitchallen/pen",
  "version": "0.2.6",
  "lockfileVersion": 3,
  "requires": true,
  "packages": {
    "": {
      "name": "@mitchallen/pen",
      "version": "0.2.6",
      "license": "MIT",
      "dependencies": {
        "@mitchallen/factory-base": "0.1.1"
      }
    },
    "node_modules/@mitchallen/factory-base": {
      "version": "0.1.1",
      "resolved": "https://registry.npmjs.org/@mitchallen/factory-base/-/factory-base-0.1.1.tgz",
      "integrity": "sha512-Sqw89gYf6C2/kpPryZLEekd8to9j9Ap/zOQs6avAd2KWZxg902dZBEJPMUKwBLbjVZ1+iRBpgd1rTdh/mumXdw==",
      "license": "ISC"
    }
  }
}
